<?xml version="1.0" encoding="utf-8"?>
<Project ToolsVersion="4.0" xmlns="http://schemas.microsoft.com/developer/msbuild/2003">
  <ItemGroup>
    <Filter Include="Source Files">
      <UniqueIdentifier>{4FC737F1-C7A5-4376-A066-2A32D752A2FF}</UniqueIdentifier>
      <Extensions>cpp;c;cc;cxx;c++;def;odl;idl;hpj;bat;asm;asmx</Extensions>
    </Filter>
    <Filter Include="Header Files">
      <UniqueIdentifier>{93995380-89BD-4b04-88EB-625FBE52EBFB}</UniqueIdentifier>
      <Extensions>h;hh;hpp;hxx;h++;hm;inl;inc;ipp;xsd</Extensions>
    </Filter>
    <Filter Include="Resource Files">
      <UniqueIdentifier>{67DA6AB6-F800-4c08-8B7A-83BB121AAD01}</UniqueIdentifier>
      <Extensions>rc;ico;cur;bmp;dlg;rc2;rct;bin;rgs;gif;jpg;jpeg;jpe;resx;tiff;tif;png;wav;mfcribbon-ms</Extensions>
    </Filter>
    <Filter Include="Header Files\core">
      <UniqueIdentifier>{1ca14214-4f4c-444f-9273-78dec7f0c76c}</UniqueIdentifier>
    </Filter>
    <Filter Include="Source Files\core">
      <UniqueIdentifier>{43781814-b651-4ece-989c-302171daa938}</UniqueIdentifier>
    </Filter>
    <Filter Include="Header Files\material">
      <UniqueIdentifier>{e2bce65d-fd44-4d3f-b15e-6ecaa8c93b1d}</UniqueIdentifier>
    </Filter>
    <Filter Include="Source Files\material">
      <UniqueIdentifier>{06a4490b-db7f-482e-80ee-9106445ceadf}</UniqueIdentifier>
    </Filter>
  </ItemGroup>
  <ItemGroup>
    <ClCompile Include="main.cpp">
      <Filter>Source Files</Filter>
    </ClCompile>
    <ClCompile Include="core\src\camera.cpp">
      <Filter>Source Files\core</Filter>
    </ClCompile>
    <ClCompile Include="material\src\dielectric.cpp">
      <Filter>Source Files\material</Filter>
    </ClCompile>
    <ClCompile Include="material\src\hemispheric.cpp">
      <Filter>Source Files\material</Filter>
    </ClCompile>
    <ClCompile Include="material\src\lambertian.cpp">
      <Filter>Source Files\material</Filter>
    </ClCompile>
    <ClCompile Include="material\src\metal.cpp">
      <Filter>Source Files\material</Filter>
    </ClCompile>
  </ItemGroup>
  <ItemGroup>
    <ClInclude Include="core\include\camera.h">
      <Filter>Header Files\core</Filter>
    </ClInclude>
    <ClInclude Include="core\include\color.h">
      <Filter>Header Files\core</Filter>
    </ClInclude>
    <ClInclude Include="core\include\ray.h">
      <Filter>Header Files\core</Filter>
    </ClInclude>
    <ClInclude Include="core\include\common.h">
      <Filter>Header Files\core</Filter>
    </ClInclude>
    <ClInclude Include="core\include\hittable.h">
      <Filter>Header Files\core</Filter>
    </ClInclude>
    <ClInclude Include="core\include\material.h">
      <Filter>Header Files\core</Filter>
    </ClInclude>
    <ClInclude Include="core\include\hit_record.h">
      <Filter>Header Files\core</Filter>
    </ClInclude>
    <ClInclude Include="material\include\dielectric.h">
      <Filter>Header Files\material</Filter>
    </ClInclude>
    <ClInclude Include="material\include\hemispheric.h">
      <Filter>Header Files\material</Filter>
    </ClInclude>
    <ClInclude Include="material\include\lambertian.h">
      <Filter>Header Files\material</Filter>
    </ClInclude>
    <ClInclude Include="material\include\metal.h">
      <Filter>Header Files\material</Filter>
    </ClInclude>
    <ClInclude Include="core\include\random.h">
      <Filter>Header Files\core</Filter>
    </ClInclude>
  </ItemGroup>
</Project>